# This file is automatically @generated by Wally.
# It is not intended for manual editing.
registry = "test"

[[package]]
name = "csqrl/sift"
version = "0.0.11"
dependencies = []

[[package]]
name = "data-oriented-house/lemonsignal"
version = "1.11.0"
dependencies = []

[[package]]
name = "elentium/voidsentry"
version = "0.0.7"
dependencies = []

[[package]]
name = "remnantsofsiren/replicator2"
version = "2.0.2-experimental"
dependencies = [["Sift", "csqrl/sift@0.0.11"], ["Signal", "data-oriented-house/lemonsignal@1.11.0"], ["Trove", "sleitnick/trove@1.8.0"], ["VoidSentry", "elentium/voidsentry@0.0.7"]]

[[package]]
name = "sleitnick/trove"
version = "1.8.0"
dependencies = []
