# This file is automatically @generated by Wally.
# It is not intended for manual editing.
registry = "test"

[[package]]
name = "csqrl/sift"
version = "0.0.11"
dependencies = []

[[package]]
name = "data-oriented-house/lemonsignal"
version = "1.11.0"
dependencies = []

[[package]]
name = "remnantsofsiren/replicator2"
version = "1.6.8-experimental"
dependencies = [["Sift", "csqrl/sift@0.0.11"], ["Signal", "data-oriented-house/lemonsignal@1.11.0"], ["Trove", "sleitnick/trove@1.4.0"]]

[[package]]
name = "sleitnick/trove"
version = "1.4.0"
dependencies = []
